<Solution>
  <Folder Name="/01 Introduction/">
    <Project Path="ASupprimer/ASupprimer.csproj" />
    <Project Path="DemoIntroduction/DemoIntroduction.csproj" />
    <Project Path="DemoIntroductionWithoutTopLevel/DemoIntroductionWithoutTopLevel.csproj" />
  </Folder>
  <Folder Name="/02 Variables/">
    <Project Path="DemoVariables/DemoVariables.csproj" Id="e33c4708-4d38-4e11-8fe3-a23b7a76d8bf" />
    <Project Path="ExerciceInformationsUtilisateur/ExerciceInformationsUtilisateur.csproj" Id="6003a0b5-f361-41f1-a898-cd12f856be59" />
  </Folder>
  <Folder Name="/03 Conversions/">
    <Project Path="DemoConversions/DemoConversions.csproj" Id="ca570c43-847a-4b7c-a2ea-8a0e39dc5dd5" />
  </Folder>
  <Folder Name="/04 Structures conditionnelles/">
    <Project Path="DemoStructuresConditionnelles/DemoStructuresConditionnelles.csproj" Id="18391115-1c14-4a84-96d6-1e3d9eb14078" />
  </Folder>
  <Folder Name="/05 Operateurs/">
    <Project Path="DemoOperateurs/DemoOperateurs.csproj" Id="71a21b4f-2c7b-475e-9188-ec015d27412a" />
    <Project Path="DemoPatternMatching/DemoPatternMatching.csproj" Id="bb66242a-37bf-484b-9b74-95828a3fb3ed" />
  </Folder>
  <Folder Name="/06 Structures iteratives/">
    <Project Path="DemoStructuresIteratives/DemoStructuresIteratives.csproj" Id="fca782b0-ec4a-4c93-a13f-0e3736bfdeab" />
  </Folder>
  <Folder Name="/07 Tableaux/">
    <Project Path="DemoCollectionGeneriqueDictionary/DemoCollectionGeneriqueDictionary.csproj" Id="70ad33c8-fbb1-4bc5-a9b0-ffcf5cdec2f3" />
    <Project Path="DemoCollectionGeneriqueList/DemoCollectionGeneriqueList.csproj" Id="41919ba6-4016-4602-9d17-694f6c93f888" />
    <Project Path="DemoCollectionHashtable/DemoCollectionHashtable.csproj" Id="d1f05cf3-f656-42f6-bdf1-786397139111" />
    <Project Path="DemoCollectionQueue/DemoCollectionQueue.csproj" Id="15b26458-7ca5-4ffb-8fad-17c790d08066" />
    <Project Path="DemoCollectionsArrayList/DemoCollectionsArrayList.csproj" Id="f19e82b7-266a-4203-9e76-2e75b1418932" />
    <Project Path="DemoCollectionStack/DemoCollectionStack.csproj" Id="416a1002-989a-4c1f-8606-80557cb4e6b7" />
    <Project Path="DemoTableau/DemoTableau.csproj" Id="8adb9426-e052-4e94-9286-8b8be9c5d1f4" />
    <Project Path="DemoTableauMatriciel/DemoTableauMatriciel.csproj" Id="0b0ebef2-66b5-4c0e-943e-6ab109305c48" />
    <Project Path="DemoTableauOrthogonal/DemoTableauOrthogonal.csproj" Id="7a3265f6-ce95-4182-87d5-002c01763d3f" />
  </Folder>
  <Folder Name="/08 Enum/">
    <Project Path="DemoEnum/DemoEnum.csproj" Id="6af8db9a-211a-4230-a8c8-980c663c746a" />
  </Folder>
  <Folder Name="/09 Methodes/">
    <Project Path="DemoMethodes/DemoMethodes.csproj" Id="6fa9463c-5009-4f9d-90d6-6d55b1af8228" />
  </Folder>
  <Folder Name="/10 Structures/">
    <Project Path="DemoStructures/DemoStructures.csproj" Id="510151d4-90c6-4451-9153-64992802d94a" />
  </Folder>
  <Folder Name="/Bonus/">
    <Project Path="Methodes/Methodes.csproj" Id="8fdfe624-d030-4bc1-9c2d-a65480ec4774" />
  </Folder>
  <Folder Name="/Exercices/">
    <Project Path="BookManager/BookManager.csproj" Id="ebf53db1-b573-4187-8650-ea2fa1e0617f" />
    <Project Path="ExerciceBonus01Bissextile/ExerciceBonus01Bissextile.csproj" Id="638bc0c2-a7db-4a76-acdd-98f58464af6e" />
    <Project Path="ExerciceBonus02LanceurBalles/ExerciceBonus02LanceurBalles.csproj" />
    <Project Path="ExerciceBonusCollection4Et5/ExerciceBonusCollection4Et5.csproj" Id="22720514-9af4-409f-a416-f507e9e78040" />
    <Project Path="ExerciceBonusTableau3Scores/ExerciceBonusTableau3Scores.csproj" Id="778d2a0a-9eff-4a19-af13-cb9311e54409" />
    <Project Path="Page106ExoA/Page106ExoA.csproj" Id="f5110e28-5993-45c1-aafb-776295ee9c2a" />
    <Project Path="Page116ExoA/Page116ExoA.csproj" Id="f1234fef-57ef-4c65-9db6-6ee874e1d894" />
    <Project Path="Page140ExoA/Page140ExoA.csproj" Id="81b4a3ec-2209-4844-bb8a-eb6064f1d9e7" />
    <Project Path="Page140ExoB/Page140ExoB.csproj" Id="693670b0-0187-46b1-a837-aad4af1645c4" />
    <Project Path="Page150ExoA/Page150ExoA.csproj" Id="20351580-93c5-4ec7-8302-98ef1e8d0c1c" />
    <Project Path="Page150ExoB/Page150ExoB.csproj" Id="77ee9e91-2b39-4aa8-a4ea-5b370ff1719b" />
  </Folder>
  <Folder Name="/Solution Items/">
    <File Path="readme.md" />
  </Folder>
</Solution>
