<Solution>
  <Folder Name="/01 Introduction/">
    <Project Path="ASupprimer/ASupprimer.csproj" />
    <Project Path="DemoIntroduction/DemoIntroduction.csproj" />
    <Project Path="DemoIntroductionWithoutTopLevel/DemoIntroductionWithoutTopLevel.csproj" />
  </Folder>
  <Folder Name="/02 Variables/">
    <Project Path="DemoVariables/DemoVariables.csproj" Id="e33c4708-4d38-4e11-8fe3-a23b7a76d8bf" />
    <Project Path="ExerciceInformationsUtilisateur/ExerciceInformationsUtilisateur.csproj" Id="6003a0b5-f361-41f1-a898-cd12f856be59" />
  </Folder>
  <Folder Name="/03 Conversions/">
    <Project Path="DemoConversions/DemoConversions.csproj" Id="ca570c43-847a-4b7c-a2ea-8a0e39dc5dd5" />
  </Folder>
  <Folder Name="/04 Structures conditionnelles/">
    <Project Path="DemoStructuresConditionnelles/DemoStructuresConditionnelles.csproj" Id="18391115-1c14-4a84-96d6-1e3d9eb14078" />
  </Folder>
  <Folder Name="/Bonus/">
    <Project Path="Methodes/Methodes.csproj" Id="8fdfe624-d030-4bc1-9c2d-a65480ec4774" />
  </Folder>
  <Folder Name="/Exercices/">
    <Project Path="ExerciceBonus02LanceurBalles/ExerciceBonus02LanceurBalles.csproj" Id="ef2408d4-d6ef-4510-9071-6d74c85695c1" />
    <Project Path="ExercicesBonus01Bissextile/ExerciceBonus01Bissextile.csproj" Id="638bc0c2-a7db-4a76-acdd-98f58464af6e" />
    <Project Path="Page106ExoA/Page106ExoA.csproj" Id="f5110e28-5993-45c1-aafb-776295ee9c2a" />
    <Project Path="Page116ExoA/Page116ExoA.csproj" Id="f1234fef-57ef-4c65-9db6-6ee874e1d894" />
  </Folder>
</Solution>
